// !$*UTF8*$!
{
	archiveVersion = 1;
	classes = {
	};
	objectVersion = 46;
	objects = {

/* Begin PBXBuildFile section */
		D26078591A84D2B400BDF2F0 /* AppDelegate.swift in Sources */ = {isa = PBXBuildFile; fileRef = D26078581A84D2B400BDF2F0 /* AppDelegate.swift */; };
		D260785C1A84D2B400BDF2F0 /* FoodTracker.xcdatamodeld in Sources */ = {isa = PBXBuildFile; fileRef = D260785A1A84D2B400BDF2F0 /* FoodTracker.xcdatamodeld */; };
		D260785E1A84D2B400BDF2F0 /* ViewController.swift in Sources */ = {isa = PBXBuildFile; fileRef = D260785D1A84D2B400BDF2F0 /* ViewController.swift */; };
		D26078611A84D2B400BDF2F0 /* Main.storyboard in Resources */ = {isa = PBXBuildFile; fileRef = D260785F1A84D2B400BDF2F0 /* Main.storyboard */; };
		D26078631A84D2B400BDF2F0 /* Images.xcassets in Resources */ = {isa = PBXBuildFile; fileRef = D26078621A84D2B400BDF2F0 /* Images.xcassets */; };
		D26078661A84D2B400BDF2F0 /* LaunchScreen.xib in Resources */ = {isa = PBXBuildFile; fileRef = D26078641A84D2B400BDF2F0 /* LaunchScreen.xib */; };
		D26078721A84D2B400BDF2F0 /* FoodTrackerTests.swift in Sources */ = {isa = PBXBuildFile; fileRef = D26078711A84D2B400BDF2F0 /* FoodTrackerTests.swift */; };
		D260787C1A84D7CF00BDF2F0 /* DetailViewController.swift in Sources */ = {isa = PBXBuildFile; fileRef = D260787B1A84D7CF00BDF2F0 /* DetailViewController.swift */; };
		D2CB92D91A8A5F2E003D10A5 /* DataController.swift in Sources */ = {isa = PBXBuildFile; fileRef = D2CB92D81A8A5F2E003D10A5 /* DataController.swift */; };
/* End PBXBuildFile section */

/* Begin PBXContainerItemProxy section */
		D260786C1A84D2B400BDF2F0 /* PBXContainerItemProxy */ = {
			isa = PBXContainerItemProxy;
			containerPortal = D260784B1A84D2B400BDF2F0 /* Project object */;
			proxyType = 1;
			remoteGlobalIDString = D26078521A84D2B400BDF2F0;
			remoteInfo = FoodTracker;
		};
/* End PBXContainerItemProxy section */

/* Begin PBXFileReference section */
		D26078531A84D2B400BDF2F0 /* FoodTracker.app */ = {isa = PBXFileReference; explicitFileType = wrapper.application; includeInIndex = 0; path = FoodTracker.app; sourceTree = BUILT_PRODUCTS_DIR; };
		D26078571A84D2B400BDF2F0 /* Info.plist */ = {isa = PBXFileReference; lastKnownFileType = text.plist.xml; path = Info.plist; sourceTree = "<group>"; };
		D26078581A84D2B400BDF2F0 /* AppDelegate.swift */ = {isa = PBXFileReference; lastKnownFileType = sourcecode.swift; path = AppDelegate.swift; sourceTree = "<group>"; };
		D260785B1A84D2B400BDF2F0 /* FoodTracker.xcdatamodel */ = {isa = PBXFileReference; lastKnownFileType = wrapper.xcdatamodel; path = FoodTracker.xcdatamodel; sourceTree = "<group>"; };
		D260785D1A84D2B400BDF2F0 /* ViewController.swift */ = {isa = PBXFileReference; lastKnownFileType = sourcecode.swift; path = ViewController.swift; sourceTree = "<group>"; };
		D26078601A84D2B400BDF2F0 /* Base */ = {isa = PBXFileReference; lastKnownFileType = file.storyboard; name = Base; path = Base.lproj/Main.storyboard; sourceTree = "<group>"; };
		D26078621A84D2B400BDF2F0 /* Images.xcassets */ = {isa = PBXFileReference; lastKnownFileType = folder.assetcatalog; path = Images.xcassets; sourceTree = "<group>"; };
		D26078651A84D2B400BDF2F0 /* Base */ = {isa = PBXFileReference; lastKnownFileType = file.xib; name = Base; path = Base.lproj/LaunchScreen.xib; sourceTree = "<group>"; };
		D260786B1A84D2B400BDF2F0 /* FoodTrackerTests.xctest */ = {isa = PBXFileReference; explicitFileType = wrapper.cfbundle; includeInIndex = 0; path = FoodTrackerTests.xctest; sourceTree = BUILT_PRODUCTS_DIR; };
		D26078701A84D2B400BDF2F0 /* Info.plist */ = {isa = PBXFileReference; lastKnownFileType = text.plist.xml; path = Info.plist; sourceTree = "<group>"; };
		D26078711A84D2B400BDF2F0 /* FoodTrackerTests.swift */ = {isa = PBXFileReference; lastKnownFileType = sourcecode.swift; path = FoodTrackerTests.swift; sourceTree = "<group>"; };
		D260787B1A84D7CF00BDF2F0 /* DetailViewController.swift */ = {isa = PBXFileReference; fileEncoding = 4; lastKnownFileType = sourcecode.swift; path = DetailViewController.swift; sourceTree = "<group>"; };
		D2CB92D81A8A5F2E003D10A5 /* DataController.swift */ = {isa = PBXFileReference; fileEncoding = 4; lastKnownFileType = sourcecode.swift; path = DataController.swift; sourceTree = "<group>"; };
/* End PBXFileReference section */

/* Begin PBXFrameworksBuildPhase section */
		D26078501A84D2B400BDF2F0 /* Frameworks */ = {
			isa = PBXFrameworksBuildPhase;
			buildActionMask = 2147483647;
			files = (
			);
			runOnlyForDeploymentPostprocessing = 0;
		};
		D26078681A84D2B400BDF2F0 /* Frameworks */ = {
			isa = PBXFrameworksBuildPhase;
			buildActionMask = 2147483647;
			files = (
			);
			runOnlyForDeploymentPostprocessing = 0;
		};
/* End PBXFrameworksBuildPhase section */

/* Begin PBXGroup section */
		D260784A1A84D2B400BDF2F0 = {
			isa = PBXGroup;
			children = (
				D26078551A84D2B400BDF2F0 /* FoodTracker */,
				D260786E1A84D2B400BDF2F0 /* FoodTrackerTests */,
				D26078541A84D2B400BDF2F0 /* Products */,
			);
			sourceTree = "<group>";
		};
		D26078541A84D2B400BDF2F0 /* Products */ = {
			isa = PBXGroup;
			children = (
				D26078531A84D2B400BDF2F0 /* FoodTracker.app */,
				D260786B1A84D2B400BDF2F0 /* FoodTrackerTests.xctest */,
			);
			name = Products;
			sourceTree = "<group>";
		};
		D26078551A84D2B400BDF2F0 /* FoodTracker */ = {
			isa = PBXGroup;
			children = (
				D26078581A84D2B400BDF2F0 /* AppDelegate.swift */,
				D260785D1A84D2B400BDF2F0 /* ViewController.swift */,
				D2CB92D81A8A5F2E003D10A5 /* DataController.swift */,
				D260785F1A84D2B400BDF2F0 /* Main.storyboard */,
				D260787B1A84D7CF00BDF2F0 /* DetailViewController.swift */,
				D26078621A84D2B400BDF2F0 /* Images.xcassets */,
				D26078641A84D2B400BDF2F0 /* LaunchScreen.xib */,
				D260785A1A84D2B400BDF2F0 /* FoodTracker.xcdatamodeld */,
				D26078561A84D2B400BDF2F0 /* Supporting Files */,
			);
			path = FoodTracker;
			sourceTree = "<group>";
		};
		D26078561A84D2B400BDF2F0 /* Supporting Files */ = {
			isa = PBXGroup;
			children = (
				D26078571A84D2B400BDF2F0 /* Info.plist */,
			);
			name = "Supporting Files";
			sourceTree = "<group>";
		};
		D260786E1A84D2B400BDF2F0 /* FoodTrackerTests */ = {
			isa = PBXGroup;
			children = (
				D26078711A84D2B400BDF2F0 /* FoodTrackerTests.swift */,
				D260786F1A84D2B400BDF2F0 /* Supporting Files */,
			);
			path = FoodTrackerTests;
			sourceTree = "<group>";
		};
		D260786F1A84D2B400BDF2F0 /* Supporting Files */ = {
			isa = PBXGroup;
			children = (
				D26078701A84D2B400BDF2F0 /* Info.plist */,
			);
			name = "Supporting Files";
			sourceTree = "<group>";
		};
/* End PBXGroup section */

/* Begin PBXNativeTarget section */
		D26078521A84D2B400BDF2F0 /* FoodTracker */ = {
			isa = PBXNativeTarget;
			buildConfigurationList = D26078751A84D2B400BDF2F0 /* Build configuration list for PBXNativeTarget "FoodTracker" */;
			buildPhases = (
				D260784F1A84D2B400BDF2F0 /* Sources */,
				D26078501A84D2B400BDF2F0 /* Frameworks */,
				D26078511A84D2B400BDF2F0 /* Resources */,
			);
			buildRules = (
			);
			dependencies = (
			);
			name = FoodTracker;
			productName = FoodTracker;
			productReference = D26078531A84D2B400BDF2F0 /* FoodTracker.app */;
			productType = "com.apple.product-type.application";
		};
		D260786A1A84D2B400BDF2F0 /* FoodTrackerTests */ = {
			isa = PBXNativeTarget;
			buildConfigurationList = D26078781A84D2B400BDF2F0 /* Build configuration list for PBXNativeTarget "FoodTrackerTests" */;
			buildPhases = (
				D26078671A84D2B400BDF2F0 /* Sources */,
				D26078681A84D2B400BDF2F0 /* Frameworks */,
				D26078691A84D2B400BDF2F0 /* Resources */,
			);
			buildRules = (
			);
			dependencies = (
				D260786D1A84D2B400BDF2F0 /* PBXTargetDependency */,
			);
			name = FoodTrackerTests;
			productName = FoodTrackerTests;
			productReference = D260786B1A84D2B400BDF2F0 /* FoodTrackerTests.xctest */;
			productType = "com.apple.product-type.bundle.unit-test";
		};
/* End PBXNativeTarget section */

/* Begin PBXProject section */
		D260784B1A84D2B400BDF2F0 /* Project object */ = {
			isa = PBXProject;
			attributes = {
				LastUpgradeCheck = 0610;
				ORGANIZATIONNAME = "Ukon Cherry";
				TargetAttributes = {
					D26078521A84D2B400BDF2F0 = {
						CreatedOnToolsVersion = 6.1.1;
					};
					D260786A1A84D2B400BDF2F0 = {
						CreatedOnToolsVersion = 6.1.1;
						TestTargetID = D26078521A84D2B400BDF2F0;
					};
				};
			};
			buildConfigurationList = D260784E1A84D2B400BDF2F0 /* Build configuration list for PBXProject "FoodTracker" */;
			compatibilityVersion = "Xcode 3.2";
			developmentRegion = English;
			hasScannedForEncodings = 0;
			knownRegions = (
				en,
				Base,
			);
			mainGroup = D260784A1A84D2B400BDF2F0;
			productRefGroup = D26078541A84D2B400BDF2F0 /* Products */;
			projectDirPath = "";
			projectRoot = "";
			targets = (
				D26078521A84D2B400BDF2F0 /* FoodTracker */,
				D260786A1A84D2B400BDF2F0 /* FoodTrackerTests */,
			);
		};
/* End PBXProject section */

/* Begin PBXResourcesBuildPhase section */
		D26078511A84D2B400BDF2F0 /* Resources */ = {
			isa = PBXResourcesBuildPhase;
			buildActionMask = 2147483647;
			files = (
				D26078611A84D2B400BDF2F0 /* Main.storyboard in Resources */,
				D26078661A84D2B400BDF2F0 /* LaunchScreen.xib in Resources */,
				D26078631A84D2B400BDF2F0 /* Images.xcassets in Resources */,
			);
			runOnlyForDeploymentPostprocessing = 0;
		};
		D26078691A84D2B400BDF2F0 /* Resources */ = {
			isa = PBXResourcesBuildPhase;
			buildActionMask = 2147483647;
			files = (
			);
			runOnlyForDeploymentPostprocessing = 0;
		};
/* End PBXResourcesBuildPhase section */

/* Begin PBXSourcesBuildPhase section */
		D260784F1A84D2B400BDF2F0 /* Sources */ = {
			isa = PBXSourcesBuildPhase;
			buildActionMask = 2147483647;
			files = (
				D2CB92D91A8A5F2E003D10A5 /* DataController.swift in Sources */,
				D260785E1A84D2B400BDF2F0 /* ViewController.swift in Sources */,
				D260785C1A84D2B400BDF2F0 /* FoodTracker.xcdatamodeld in Sources */,
				D26078591A84D2B400BDF2F0 /* AppDelegate.swift in Sources */,
				D260787C1A84D7CF00BDF2F0 /* DetailViewController.swift in Sources */,
			);
			runOnlyForDeploymentPostprocessing = 0;
		};
		D26078671A84D2B400BDF2F0 /* Sources */ = {
			isa = PBXSourcesBuildPhase;
			buildActionMask = 2147483647;
			files = (
				D26078721A84D2B400BDF2F0 /* FoodTrackerTests.swift in Sources */,
			);
			runOnlyForDeploymentPostprocessing = 0;
		};
/* End PBXSourcesBuildPhase section */

/* Begin PBXTargetDependency section */
		D260786D1A84D2B400BDF2F0 /* PBXTargetDependency */ = {
			isa = PBXTargetDependency;
			target = D26078521A84D2B400BDF2F0 /* FoodTracker */;
			targetProxy = D260786C1A84D2B400BDF2F0 /* PBXContainerItemProxy */;
		};
/* End PBXTargetDependency section */

/* Begin PBXVariantGroup section */
		D260785F1A84D2B400BDF2F0 /* Main.storyboard */ = {
			isa = PBXVariantGroup;
			children = (
				D26078601A84D2B400BDF2F0 /* Base */,
			);
			name = Main.storyboard;
			sourceTree = "<group>";
		};
		D26078641A84D2B400BDF2F0 /* LaunchScreen.xib */ = {
			isa = PBXVariantGroup;
			children = (
				D26078651A84D2B400BDF2F0 /* Base */,
			);
			name = LaunchScreen.xib;
			sourceTree = "<group>";
		};
/* End PBXVariantGroup section */

/* Begin XCBuildConfiguration section */
		D26078731A84D2B400BDF2F0 /* Debug */ = {
			isa = XCBuildConfiguration;
			buildSettings = {
				ALWAYS_SEARCH_USER_PATHS = NO;
				CLANG_CXX_LANGUAGE_STANDARD = "gnu++0x";
				CLANG_CXX_LIBRARY = "libc++";
				CLANG_ENABLE_MODULES = YES;
				CLANG_ENABLE_OBJC_ARC = YES;
				CLANG_WARN_BOOL_CONVERSION = YES;
				CLANG_WARN_CONSTANT_CONVERSION = YES;
				CLANG_WARN_DIRECT_OBJC_ISA_USAGE = YES_ERROR;
				CLANG_WARN_EMPTY_BODY = YES;
				CLANG_WARN_ENUM_CONVERSION = YES;
				CLANG_WARN_INT_CONVERSION = YES;
				CLANG_WARN_OBJC_ROOT_CLASS = YES_ERROR;
				CLANG_WARN_UNREACHABLE_CODE = YES;
				CLANG_WARN__DUPLICATE_METHOD_MATCH = YES;
				"CODE_SIGN_IDENTITY[sdk=iphoneos*]" = "iPhone Developer";
				COPY_PHASE_STRIP = NO;
				ENABLE_STRICT_OBJC_MSGSEND = YES;
				GCC_C_LANGUAGE_STANDARD = gnu99;
				GCC_DYNAMIC_NO_PIC = NO;
				GCC_OPTIMIZATION_LEVEL = 0;
				GCC_PREPROCESSOR_DEFINITIONS = (
					"DEBUG=1",
					"$(inherited)",
				);
				GCC_SYMBOLS_PRIVATE_EXTERN = NO;
				GCC_WARN_64_TO_32_BIT_CONVERSION = YES;
				GCC_WARN_ABOUT_RETURN_TYPE = YES_ERROR;
				GCC_WARN_UNDECLARED_SELECTOR = YES;
				GCC_WARN_UNINITIALIZED_AUTOS = YES_AGGRESSIVE;
				GCC_WARN_UNUSED_FUNCTION = YES;
				GCC_WARN_UNUSED_VARIABLE = YES;
				IPHONEOS_DEPLOYMENT_TARGET = 8.1;
				MTL_ENABLE_DEBUG_INFO = YES;
				ONLY_ACTIVE_ARCH = YES;
				SDKROOT = iphoneos;
				SWIFT_OPTIMIZATION_LEVEL = "-Onone";
				TARGETED_DEVICE_FAMILY = "1,2";
			};
			name = Debug;
		};
		D26078741A84D2B400BDF2F0 /* Release */ = {
			isa = XCBuildConfiguration;
			buildSettings = {
				ALWAYS_SEARCH_USER_PATHS = NO;
				CLANG_CXX_LANGUAGE_STANDARD = "gnu++0x";
				CLANG_CXX_LIBRARY = "libc++";
				CLANG_ENABLE_MODULES = YES;
				CLANG_ENABLE_OBJC_ARC = YES;
				CLANG_WARN_BOOL_CONVERSION = YES;
				CLANG_WARN_CONSTANT_CONVERSION = YES;
				CLANG_WARN_DIRECT_OBJC_ISA_USAGE = YES_ERROR;
				CLANG_WARN_EMPTY_BODY = YES;
				CLANG_WARN_ENUM_CONVERSION = YES;
				CLANG_WARN_INT_CONVERSION = YES;
				CLANG_WARN_OBJC_ROOT_CLASS = YES_ERROR;
				CLANG_WARN_UNREACHABLE_CODE = YES;
				CLANG_WARN__DUPLICATE_METHOD_MATCH = YES;
				"CODE_SIGN_IDENTITY[sdk=iphoneos*]" = "iPhone Developer";
				COPY_PHASE_STRIP = YES;
				ENABLE_NS_ASSERTIONS = NO;
				ENABLE_STRICT_OBJC_MSGSEND = YES;
				GCC_C_LANGUAGE_STANDARD = gnu99;
				GCC_WARN_64_TO_32_BIT_CONVERSION = YES;
				GCC_WARN_ABOUT_RETURN_TYPE = YES_ERROR;
				GCC_WARN_UNDECLARED_SELECTOR = YES;
				GCC_WARN_UNINITIALIZED_AUTOS = YES_AGGRESSIVE;
				GCC_WARN_UNUSED_FUNCTION = YES;
				GCC_WARN_UNUSED_VARIABLE = YES;
				IPHONEOS_DEPLOYMENT_TARGET = 8.1;
				MTL_ENABLE_DEBUG_INFO = NO;
				SDKROOT = iphoneos;
				TARGETED_DEVICE_FAMILY = "1,2";
				VALIDATE_PRODUCT = YES;
			};
			name = Release;
		};
		D26078761A84D2B400BDF2F0 /* Debug */ = {
			isa = XCBuildConfiguration;
			buildSettings = {
				ASSETCATALOG_COMPILER_APPICON_NAME = AppIcon;
				INFOPLIST_FILE = FoodTracker/Info.plist;
				LD_RUNPATH_SEARCH_PATHS = "$(inherited) @executable_path/Frameworks";
				PRODUCT_NAME = "$(TARGET_NAME)";
			};
			name = Debug;
		};
		D26078771A84D2B400BDF2F0 /* Release */ = {
			isa = XCBuildConfiguration;
			buildSettings = {
				ASSETCATALOG_COMPILER_APPICON_NAME = AppIcon;
				INFOPLIST_FILE = FoodTracker/Info.plist;
				LD_RUNPATH_SEARCH_PATHS = "$(inherited) @executable_path/Frameworks";
				PRODUCT_NAME = "$(TARGET_NAME)";
			};
			name = Release;
		};
		D26078791A84D2B400BDF2F0 /* Debug */ = {
			isa = XCBuildConfiguration;
			buildSettings = {
				BUNDLE_LOADER = "$(TEST_HOST)";
				FRAMEWORK_SEARCH_PATHS = (
					"$(SDKROOT)/Developer/Library/Frameworks",
					"$(inherited)",
				);
				GCC_PREPROCESSOR_DEFINITIONS = (
					"DEBUG=1",
					"$(inherited)",
				);
				INFOPLIST_FILE = FoodTrackerTests/Info.plist;
				LD_RUNPATH_SEARCH_PATHS = "$(inherited) @executable_path/Frameworks @loader_path/Frameworks";
				PRODUCT_NAME = "$(TARGET_NAME)";
				TEST_HOST = "$(BUILT_PRODUCTS_DIR)/FoodTracker.app/FoodTracker";
			};
			name = Debug;
		};
		D260787A1A84D2B400BDF2F0 /* Release */ = {
			isa = XCBuildConfiguration;
			buildSettings = {
				BUNDLE_LOADER = "$(TEST_HOST)";
				FRAMEWORK_SEARCH_PATHS = (
					"$(SDKROOT)/Developer/Library/Frameworks",
					"$(inherited)",
				);
				INFOPLIST_FILE = FoodTrackerTests/Info.plist;
				LD_RUNPATH_SEARCH_PATHS = "$(inherited) @executable_path/Frameworks @loader_path/Frameworks";
				PRODUCT_NAME = "$(TARGET_NAME)";
				TEST_HOST = "$(BUILT_PRODUCTS_DIR)/FoodTracker.app/FoodTracker";
			};
			name = Release;
		};
/* End XCBuildConfiguration section */

/* Begin XCConfigurationList section */
		D260784E1A84D2B400BDF2F0 /* Build configuration list for PBXProject "FoodTracker" */ = {
			isa = XCConfigurationList;
			buildConfigurations = (
				D26078731A84D2B400BDF2F0 /* Debug */,
				D26078741A84D2B400BDF2F0 /* Release */,
			);
			defaultConfigurationIsVisible = 0;
			defaultConfigurationName = Release;
		};
		D26078751A84D2B400BDF2F0 /* Build configuration list for PBXNativeTarget "FoodTracker" */ = {
			isa = XCConfigurationList;
			buildConfigurations = (
				D26078761A84D2B400BDF2F0 /* Debug */,
				D26078771A84D2B400BDF2F0 /* Release */,
			);
			defaultConfigurationIsVisible = 0;
			defaultConfigurationName = Release;
		};
		D26078781A84D2B400BDF2F0 /* Build configuration list for PBXNativeTarget "FoodTrackerTests" */ = {
			isa = XCConfigurationList;
			buildConfigurations = (
				D26078791A84D2B400BDF2F0 /* Debug */,
				D260787A1A84D2B400BDF2F0 /* Release */,
			);
			defaultConfigurationIsVisible = 0;
			defaultConfigurationName = Release;
		};
/* End XCConfigurationList section */

/* Begin XCVersionGroup section */
		D260785A1A84D2B400BDF2F0 /* FoodTracker.xcdatamodeld */ = {
			isa = XCVersionGroup;
			children = (
				D260785B1A84D2B400BDF2F0 /* FoodTracker.xcdatamodel */,
			);
			currentVersion = D260785B1A84D2B400BDF2F0 /* FoodTracker.xcdatamodel */;
			path = FoodTracker.xcdatamodeld;
			sourceTree = "<group>";
			versionGroupType = wrapper.xcdatamodel;
		};
/* End XCVersionGroup section */
	};
	rootObject = D260784B1A84D2B400BDF2F0 /* Project object */;
}
